// !$*UTF8*$!
{
	archiveVersion = 1;
	classes = {
	};
	objectVersion = 48;
	objects = {

/* Begin PBXBuildFile section */
		0F1AB6F6205FE90900545FA8 /* AppDelegate.swift in Sources */ = {isa = PBXBuildFile; fileRef = 0F1AB6F5205FE90900545FA8 /* AppDelegate.swift */; };
		0F1AB6F8205FE90900545FA8 /* ViewController.swift in Sources */ = {isa = PBXBuildFile; fileRef = 0F1AB6F7205FE90900545FA8 /* ViewController.swift */; };
		0F1AB6FB205FE90900545FA8 /* Main.storyboard in Resources */ = {isa = PBXBuildFile; fileRef = 0F1AB6F9205FE90900545FA8 /* Main.storyboard */; };
		0F1AB6FD205FE90900545FA8 /* Assets.xcassets in Resources */ = {isa = PBXBuildFile; fileRef = 0F1AB6FC205FE90900545FA8 /* Assets.xcassets */; };
		0F1AB700205FE90900545FA8 /* LaunchScreen.storyboard in Resources */ = {isa = PBXBuildFile; fileRef = 0F1AB6FE205FE90900545FA8 /* LaunchScreen.storyboard */; };
		0F1AB70B205FE90900545FA8 /* SimpleImageKitTests.swift in Sources */ = {isa = PBXBuildFile; fileRef = 0F1AB70A205FE90900545FA8 /* SimpleImageKitTests.swift */; };
		0F1AB716205FE90900545FA8 /* SimpleImageKitUITests.swift in Sources */ = {isa = PBXBuildFile; fileRef = 0F1AB715205FE90900545FA8 /* SimpleImageKitUITests.swift */; };
/* End PBXBuildFile section */

/* Begin PBXContainerItemProxy section */
		0F1AB707205FE90900545FA8 /* PBXContainerItemProxy */ = {
			isa = PBXContainerItemProxy;
			containerPortal = 0F1AB6EA205FE90900545FA8 /* Project object */;
			proxyType = 1;
			remoteGlobalIDString = 0F1AB6F1205FE90900545FA8;
			remoteInfo = SimpleImageKit;
		};
		0F1AB712205FE90900545FA8 /* PBXContainerItemProxy */ = {
			isa = PBXContainerItemProxy;
			containerPortal = 0F1AB6EA205FE90900545FA8 /* Project object */;
			proxyType = 1;
			remoteGlobalIDString = 0F1AB6F1205FE90900545FA8;
			remoteInfo = SimpleImageKit;
		};
/* End PBXContainerItemProxy section */

/* Begin PBXFileReference section */
		0F1AB6F2205FE90900545FA8 /* SimpleImageKit.app */ = {isa = PBXFileReference; explicitFileType = wrapper.application; includeInIndex = 0; path = SimpleImageKit.app; sourceTree = BUILT_PRODUCTS_DIR; };
		0F1AB6F5205FE90900545FA8 /* AppDelegate.swift */ = {isa = PBXFileReference; lastKnownFileType = sourcecode.swift; path = AppDelegate.swift; sourceTree = "<group>"; };
		0F1AB6F7205FE90900545FA8 /* ViewController.swift */ = {isa = PBXFileReference; lastKnownFileType = sourcecode.swift; path = ViewController.swift; sourceTree = "<group>"; };
		0F1AB6FA205FE90900545FA8 /* Base */ = {isa = PBXFileReference; lastKnownFileType = file.storyboard; name = Base; path = Base.lproj/Main.storyboard; sourceTree = "<group>"; };
		0F1AB6FC205FE90900545FA8 /* Assets.xcassets */ = {isa = PBXFileReference; lastKnownFileType = folder.assetcatalog; path = Assets.xcassets; sourceTree = "<group>"; };
		0F1AB6FF205FE90900545FA8 /* Base */ = {isa = PBXFileReference; lastKnownFileType = file.storyboard; name = Base; path = Base.lproj/LaunchScreen.storyboard; sourceTree = "<group>"; };
		0F1AB701205FE90900545FA8 /* Info.plist */ = {isa = PBXFileReference; lastKnownFileType = text.plist.xml; path = Info.plist; sourceTree = "<group>"; };
		0F1AB706205FE90900545FA8 /* SimpleImageKitTests.xctest */ = {isa = PBXFileReference; explicitFileType = wrapper.cfbundle; includeInIndex = 0; path = SimpleImageKitTests.xctest; sourceTree = BUILT_PRODUCTS_DIR; };
		0F1AB70A205FE90900545FA8 /* SimpleImageKitTests.swift */ = {isa = PBXFileReference; lastKnownFileType = sourcecode.swift; path = SimpleImageKitTests.swift; sourceTree = "<group>"; };
		0F1AB70C205FE90900545FA8 /* Info.plist */ = {isa = PBXFileReference; lastKnownFileType = text.plist.xml; path = Info.plist; sourceTree = "<group>"; };
		0F1AB711205FE90900545FA8 /* SimpleImageKitUITests.xctest */ = {isa = PBXFileReference; explicitFileType = wrapper.cfbundle; includeInIndex = 0; path = SimpleImageKitUITests.xctest; sourceTree = BUILT_PRODUCTS_DIR; };
		0F1AB715205FE90900545FA8 /* SimpleImageKitUITests.swift */ = {isa = PBXFileReference; lastKnownFileType = sourcecode.swift; path = SimpleImageKitUITests.swift; sourceTree = "<group>"; };
		0F1AB717205FE90900545FA8 /* Info.plist */ = {isa = PBXFileReference; lastKnownFileType = text.plist.xml; path = Info.plist; sourceTree = "<group>"; };
/* End PBXFileReference section */

/* Begin PBXFrameworksBuildPhase section */
		0F1AB6EF205FE90900545FA8 /* Frameworks */ = {
			isa = PBXFrameworksBuildPhase;
			buildActionMask = 2147483647;
			files = (
			);
			runOnlyForDeploymentPostprocessing = 0;
		};
		0F1AB703205FE90900545FA8 /* Frameworks */ = {
			isa = PBXFrameworksBuildPhase;
			buildActionMask = 2147483647;
			files = (
			);
			runOnlyForDeploymentPostprocessing = 0;
		};
		0F1AB70E205FE90900545FA8 /* Frameworks */ = {
			isa = PBXFrameworksBuildPhase;
			buildActionMask = 2147483647;
			files = (
			);
			runOnlyForDeploymentPostprocessing = 0;
		};
/* End PBXFrameworksBuildPhase section */

/* Begin PBXGroup section */
		0F1AB6E9205FE90900545FA8 = {
			isa = PBXGroup;
			children = (
				0F1AB6F4205FE90900545FA8 /* SimpleImageKit */,
				0F1AB709205FE90900545FA8 /* SimpleImageKitTests */,
				0F1AB714205FE90900545FA8 /* SimpleImageKitUITests */,
				0F1AB6F3205FE90900545FA8 /* Products */,
			);
			sourceTree = "<group>";
		};
		0F1AB6F3205FE90900545FA8 /* Products */ = {
			isa = PBXGroup;
			children = (
				0F1AB6F2205FE90900545FA8 /* SimpleImageKit.app */,
				0F1AB706205FE90900545FA8 /* SimpleImageKitTests.xctest */,
				0F1AB711205FE90900545FA8 /* SimpleImageKitUITests.xctest */,
			);
			name = Products;
			sourceTree = "<group>";
		};
		0F1AB6F4205FE90900545FA8 /* SimpleImageKit */ = {
			isa = PBXGroup;
			children = (
				0F1AB6F5205FE90900545FA8 /* AppDelegate.swift */,
				0F1AB6F7205FE90900545FA8 /* ViewController.swift */,
				0F1AB6F9205FE90900545FA8 /* Main.storyboard */,
				0F1AB6FC205FE90900545FA8 /* Assets.xcassets */,
				0F1AB6FE205FE90900545FA8 /* LaunchScreen.storyboard */,
				0F1AB701205FE90900545FA8 /* Info.plist */,
			);
			path = SimpleImageKit;
			sourceTree = "<group>";
		};
		0F1AB709205FE90900545FA8 /* SimpleImageKitTests */ = {
			isa = PBXGroup;
			children = (
				0F1AB70A205FE90900545FA8 /* SimpleImageKitTests.swift */,
				0F1AB70C205FE90900545FA8 /* Info.plist */,
			);
			path = SimpleImageKitTests;
			sourceTree = "<group>";
		};
		0F1AB714205FE90900545FA8 /* SimpleImageKitUITests */ = {
			isa = PBXGroup;
			children = (
				0F1AB715205FE90900545FA8 /* SimpleImageKitUITests.swift */,
				0F1AB717205FE90900545FA8 /* Info.plist */,
			);
			path = SimpleImageKitUITests;
			sourceTree = "<group>";
		};
/* End PBXGroup section */

/* Begin PBXNativeTarget section */
		0F1AB6F1205FE90900545FA8 /* SimpleImageKit */ = {
			isa = PBXNativeTarget;
			buildConfigurationList = 0F1AB71A205FE90900545FA8 /* Build configuration list for PBXNativeTarget "SimpleImageKit" */;
			buildPhases = (
				0F1AB6EE205FE90900545FA8 /* Sources */,
				0F1AB6EF205FE90900545FA8 /* Frameworks */,
				0F1AB6F0205FE90900545FA8 /* Resources */,
			);
			buildRules = (
			);
			dependencies = (
			);
			name = SimpleImageKit;
			productName = SimpleImageKit;
			productReference = 0F1AB6F2205FE90900545FA8 /* SimpleImageKit.app */;
			productType = "com.apple.product-type.application";
		};
		0F1AB705205FE90900545FA8 /* SimpleImageKitTests */ = {
			isa = PBXNativeTarget;
			buildConfigurationList = 0F1AB71D205FE90900545FA8 /* Build configuration list for PBXNativeTarget "SimpleImageKitTests" */;
			buildPhases = (
				0F1AB702205FE90900545FA8 /* Sources */,
				0F1AB703205FE90900545FA8 /* Frameworks */,
				0F1AB704205FE90900545FA8 /* Resources */,
			);
			buildRules = (
			);
			dependencies = (
				0F1AB708205FE90900545FA8 /* PBXTargetDependency */,
			);
			name = SimpleImageKitTests;
			productName = SimpleImageKitTests;
			productReference = 0F1AB706205FE90900545FA8 /* SimpleImageKitTests.xctest */;
			productType = "com.apple.product-type.bundle.unit-test";
		};
		0F1AB710205FE90900545FA8 /* SimpleImageKitUITests */ = {
			isa = PBXNativeTarget;
			buildConfigurationList = 0F1AB720205FE90900545FA8 /* Build configuration list for PBXNativeTarget "SimpleImageKitUITests" */;
			buildPhases = (
				0F1AB70D205FE90900545FA8 /* Sources */,
				0F1AB70E205FE90900545FA8 /* Frameworks */,
				0F1AB70F205FE90900545FA8 /* Resources */,
			);
			buildRules = (
			);
			dependencies = (
				0F1AB713205FE90900545FA8 /* PBXTargetDependency */,
			);
			name = SimpleImageKitUITests;
			productName = SimpleImageKitUITests;
			productReference = 0F1AB711205FE90900545FA8 /* SimpleImageKitUITests.xctest */;
			productType = "com.apple.product-type.bundle.ui-testing";
		};
/* End PBXNativeTarget section */

/* Begin PBXProject section */
		0F1AB6EA205FE90900545FA8 /* Project object */ = {
			isa = PBXProject;
			attributes = {
				LastSwiftUpdateCheck = 0920;
				LastUpgradeCheck = 0920;
				ORGANIZATIONNAME = "한병호";
				TargetAttributes = {
					0F1AB6F1205FE90900545FA8 = {
						CreatedOnToolsVersion = 9.2;
						ProvisioningStyle = Automatic;
					};
					0F1AB705205FE90900545FA8 = {
						CreatedOnToolsVersion = 9.2;
						ProvisioningStyle = Automatic;
						TestTargetID = 0F1AB6F1205FE90900545FA8;
					};
					0F1AB710205FE90900545FA8 = {
						CreatedOnToolsVersion = 9.2;
						ProvisioningStyle = Automatic;
						TestTargetID = 0F1AB6F1205FE90900545FA8;
					};
				};
			};
			buildConfigurationList = 0F1AB6ED205FE90900545FA8 /* Build configuration list for PBXProject "SimpleImageKit" */;
			compatibilityVersion = "Xcode 8.0";
			developmentRegion = en;
			hasScannedForEncodings = 0;
			knownRegions = (
				en,
				Base,
			);
			mainGroup = 0F1AB6E9205FE90900545FA8;
			productRefGroup = 0F1AB6F3205FE90900545FA8 /* Products */;
			projectDirPath = "";
			projectRoot = "";
			targets = (
				0F1AB6F1205FE90900545FA8 /* SimpleImageKit */,
				0F1AB705205FE90900545FA8 /* SimpleImageKitTests */,
				0F1AB710205FE90900545FA8 /* SimpleImageKitUITests */,
			);
		};
/* End PBXProject section */

/* Begin PBXResourcesBuildPhase section */
		0F1AB6F0205FE90900545FA8 /* Resources */ = {
			isa = PBXResourcesBuildPhase;
			buildActionMask = 2147483647;
			files = (
				0F1AB700205FE90900545FA8 /* LaunchScreen.storyboard in Resources */,
				0F1AB6FD205FE90900545FA8 /* Assets.xcassets in Resources */,
				0F1AB6FB205FE90900545FA8 /* Main.storyboard in Resources */,
			);
			runOnlyForDeploymentPostprocessing = 0;
		};
		0F1AB704205FE90900545FA8 /* Resources */ = {
			isa = PBXResourcesBuildPhase;
			buildActionMask = 2147483647;
			files = (
			);
			runOnlyForDeploymentPostprocessing = 0;
		};
		0F1AB70F205FE90900545FA8 /* Resources */ = {
			isa = PBXResourcesBuildPhase;
			buildActionMask = 2147483647;
			files = (
			);
			runOnlyForDeploymentPostprocessing = 0;
		};
/* End PBXResourcesBuildPhase section */

/* Begin PBXSourcesBuildPhase section */
		0F1AB6EE205FE90900545FA8 /* Sources */ = {
			isa = PBXSourcesBuildPhase;
			buildActionMask = 2147483647;
			files = (
				0F1AB6F8205FE90900545FA8 /* ViewController.swift in Sources */,
				0F1AB6F6205FE90900545FA8 /* AppDelegate.swift in Sources */,
			);
			runOnlyForDeploymentPostprocessing = 0;
		};
		0F1AB702205FE90900545FA8 /* Sources */ = {
			isa = PBXSourcesBuildPhase;
			buildActionMask = 2147483647;
			files = (
				0F1AB70B205FE90900545FA8 /* SimpleImageKitTests.swift in Sources */,
			);
			runOnlyForDeploymentPostprocessing = 0;
		};
		0F1AB70D205FE90900545FA8 /* Sources */ = {
			isa = PBXSourcesBuildPhase;
			buildActionMask = 2147483647;
			files = (
				0F1AB716205FE90900545FA8 /* SimpleImageKitUITests.swift in Sources */,
			);
			runOnlyForDeploymentPostprocessing = 0;
		};
/* End PBXSourcesBuildPhase section */

/* Begin PBXTargetDependency section */
		0F1AB708205FE90900545FA8 /* PBXTargetDependency */ = {
			isa = PBXTargetDependency;
			target = 0F1AB6F1205FE90900545FA8 /* SimpleImageKit */;
			targetProxy = 0F1AB707205FE90900545FA8 /* PBXContainerItemProxy */;
		};
		0F1AB713205FE90900545FA8 /* PBXTargetDependency */ = {
			isa = PBXTargetDependency;
			target = 0F1AB6F1205FE90900545FA8 /* SimpleImageKit */;
			targetProxy = 0F1AB712205FE90900545FA8 /* PBXContainerItemProxy */;
		};
/* End PBXTargetDependency section */

/* Begin PBXVariantGroup section */
		0F1AB6F9205FE90900545FA8 /* Main.storyboard */ = {
			isa = PBXVariantGroup;
			children = (
				0F1AB6FA205FE90900545FA8 /* Base */,
			);
			name = Main.storyboard;
			sourceTree = "<group>";
		};
		0F1AB6FE205FE90900545FA8 /* LaunchScreen.storyboard */ = {
			isa = PBXVariantGroup;
			children = (
				0F1AB6FF205FE90900545FA8 /* Base */,
			);
			name = LaunchScreen.storyboard;
			sourceTree = "<group>";
		};
/* End PBXVariantGroup section */

/* Begin XCBuildConfiguration section */
		0F1AB718205FE90900545FA8 /* Debug */ = {
			isa = XCBuildConfiguration;
			buildSettings = {
				ALWAYS_SEARCH_USER_PATHS = NO;
				CLANG_ANALYZER_NONNULL = YES;
				CLANG_ANALYZER_NUMBER_OBJECT_CONVERSION = YES_AGGRESSIVE;
				CLANG_CXX_LANGUAGE_STANDARD = "gnu++14";
				CLANG_CXX_LIBRARY = "libc++";
				CLANG_ENABLE_MODULES = YES;
				CLANG_ENABLE_OBJC_ARC = YES;
				CLANG_WARN_BLOCK_CAPTURE_AUTORELEASING = YES;
				CLANG_WARN_BOOL_CONVERSION = YES;
				CLANG_WARN_COMMA = YES;
				CLANG_WARN_CONSTANT_CONVERSION = YES;
				CLANG_WARN_DIRECT_OBJC_ISA_USAGE = YES_ERROR;
				CLANG_WARN_DOCUMENTATION_COMMENTS = YES;
				CLANG_WARN_EMPTY_BODY = YES;
				CLANG_WARN_ENUM_CONVERSION = YES;
				CLANG_WARN_INFINITE_RECURSION = YES;
				CLANG_WARN_INT_CONVERSION = YES;
				CLANG_WARN_NON_LITERAL_NULL_CONVERSION = YES;
				CLANG_WARN_OBJC_LITERAL_CONVERSION = YES;
				CLANG_WARN_OBJC_ROOT_CLASS = YES_ERROR;
				CLANG_WARN_RANGE_LOOP_ANALYSIS = YES;
				CLANG_WARN_STRICT_PROTOTYPES = YES;
				CLANG_WARN_SUSPICIOUS_MOVE = YES;
				CLANG_WARN_UNGUARDED_AVAILABILITY = YES_AGGRESSIVE;
				CLANG_WARN_UNREACHABLE_CODE = YES;
				CLANG_WARN__DUPLICATE_METHOD_MATCH = YES;
				CODE_SIGN_IDENTITY = "iPhone Developer";
				COPY_PHASE_STRIP = NO;
				DEBUG_INFORMATION_FORMAT = dwarf;
				ENABLE_STRICT_OBJC_MSGSEND = YES;
				ENABLE_TESTABILITY = YES;
				GCC_C_LANGUAGE_STANDARD = gnu11;
				GCC_DYNAMIC_NO_PIC = NO;
				GCC_NO_COMMON_BLOCKS = YES;
				GCC_OPTIMIZATION_LEVEL = 0;
				GCC_PREPROCESSOR_DEFINITIONS = (
					"DEBUG=1",
					"$(inherited)",
				);
				GCC_WARN_64_TO_32_BIT_CONVERSION = YES;
				GCC_WARN_ABOUT_RETURN_TYPE = YES_ERROR;
				GCC_WARN_UNDECLARED_SELECTOR = YES;
				GCC_WARN_UNINITIALIZED_AUTOS = YES_AGGRESSIVE;
				GCC_WARN_UNUSED_FUNCTION = YES;
				GCC_WARN_UNUSED_VARIABLE = YES;
				IPHONEOS_DEPLOYMENT_TARGET = 11.2;
				MTL_ENABLE_DEBUG_INFO = YES;
				ONLY_ACTIVE_ARCH = YES;
				SDKROOT = iphoneos;
				SWIFT_ACTIVE_COMPILATION_CONDITIONS = DEBUG;
				SWIFT_OPTIMIZATION_LEVEL = "-Onone";
			};
			name = Debug;
		};
		0F1AB719205FE90900545FA8 /* Release */ = {
			isa = XCBuildConfiguration;
			buildSettings = {
				ALWAYS_SEARCH_USER_PATHS = NO;
				CLANG_ANALYZER_NONNULL = YES;
				CLANG_ANALYZER_NUMBER_OBJECT_CONVERSION = YES_AGGRESSIVE;
				CLANG_CXX_LANGUAGE_STANDARD = "gnu++14";
				CLANG_CXX_LIBRARY = "libc++";
				CLANG_ENABLE_MODULES = YES;
				CLANG_ENABLE_OBJC_ARC = YES;
				CLANG_WARN_BLOCK_CAPTURE_AUTORELEASING = YES;
				CLANG_WARN_BOOL_CONVERSION = YES;
				CLANG_WARN_COMMA = YES;
				CLANG_WARN_CONSTANT_CONVERSION = YES;
				CLANG_WARN_DIRECT_OBJC_ISA_USAGE = YES_ERROR;
				CLANG_WARN_DOCUMENTATION_COMMENTS = YES;
				CLANG_WARN_EMPTY_BODY = YES;
				CLANG_WARN_ENUM_CONVERSION = YES;
				CLANG_WARN_INFINITE_RECURSION = YES;
				CLANG_WARN_INT_CONVERSION = YES;
				CLANG_WARN_NON_LITERAL_NULL_CONVERSION = YES;
				CLANG_WARN_OBJC_LITERAL_CONVERSION = YES;
				CLANG_WARN_OBJC_ROOT_CLASS = YES_ERROR;
				CLANG_WARN_RANGE_LOOP_ANALYSIS = YES;
				CLANG_WARN_STRICT_PROTOTYPES = YES;
				CLANG_WARN_SUSPICIOUS_MOVE = YES;
				CLANG_WARN_UNGUARDED_AVAILABILITY = YES_AGGRESSIVE;
				CLANG_WARN_UNREACHABLE_CODE = YES;
				CLANG_WARN__DUPLICATE_METHOD_MATCH = YES;
				CODE_SIGN_IDENTITY = "iPhone Developer";
				COPY_PHASE_STRIP = NO;
				DEBUG_INFORMATION_FORMAT = "dwarf-with-dsym";
				ENABLE_NS_ASSERTIONS = NO;
				ENABLE_STRICT_OBJC_MSGSEND = YES;
				GCC_C_LANGUAGE_STANDARD = gnu11;
				GCC_NO_COMMON_BLOCKS = YES;
				GCC_WARN_64_TO_32_BIT_CONVERSION = YES;
				GCC_WARN_ABOUT_RETURN_TYPE = YES_ERROR;
				GCC_WARN_UNDECLARED_SELECTOR = YES;
				GCC_WARN_UNINITIALIZED_AUTOS = YES_AGGRESSIVE;
				GCC_WARN_UNUSED_FUNCTION = YES;
				GCC_WARN_UNUSED_VARIABLE = YES;
				IPHONEOS_DEPLOYMENT_TARGET = 11.2;
				MTL_ENABLE_DEBUG_INFO = NO;
				SDKROOT = iphoneos;
				SWIFT_OPTIMIZATION_LEVEL = "-Owholemodule";
				VALIDATE_PRODUCT = YES;
			};
			name = Release;
		};
		0F1AB71B205FE90900545FA8 /* Debug */ = {
			isa = XCBuildConfiguration;
			buildSettings = {
				ASSETCATALOG_COMPILER_APPICON_NAME = AppIcon;
				CODE_SIGN_STYLE = Automatic;
				DEVELOPMENT_TEAM = C43G5V2XJM;
				INFOPLIST_FILE = SimpleImageKit/Info.plist;
				LD_RUNPATH_SEARCH_PATHS = "$(inherited) @executable_path/Frameworks";
				PRODUCT_BUNDLE_IDENTIFIER = com.ewr.SimpleImageKit;
				PRODUCT_NAME = "$(TARGET_NAME)";
				SWIFT_VERSION = 4.0;
				TARGETED_DEVICE_FAMILY = "1,2";
			};
			name = Debug;
		};
		0F1AB71C205FE90900545FA8 /* Release */ = {
			isa = XCBuildConfiguration;
			buildSettings = {
				ASSETCATALOG_COMPILER_APPICON_NAME = AppIcon;
				CODE_SIGN_STYLE = Automatic;
				DEVELOPMENT_TEAM = C43G5V2XJM;
				INFOPLIST_FILE = SimpleImageKit/Info.plist;
				LD_RUNPATH_SEARCH_PATHS = "$(inherited) @executable_path/Frameworks";
				PRODUCT_BUNDLE_IDENTIFIER = com.ewr.SimpleImageKit;
				PRODUCT_NAME = "$(TARGET_NAME)";
				SWIFT_VERSION = 4.0;
				TARGETED_DEVICE_FAMILY = "1,2";
			};
			name = Release;
		};
		0F1AB71E205FE90900545FA8 /* Debug */ = {
			isa = XCBuildConfiguration;
			buildSettings = {
				ALWAYS_EMBED_SWIFT_STANDARD_LIBRARIES = YES;
				BUNDLE_LOADER = "$(TEST_HOST)";
				CODE_SIGN_STYLE = Automatic;
				DEVELOPMENT_TEAM = C43G5V2XJM;
				INFOPLIST_FILE = SimpleImageKitTests/Info.plist;
				LD_RUNPATH_SEARCH_PATHS = "$(inherited) @executable_path/Frameworks @loader_path/Frameworks";
				PRODUCT_BUNDLE_IDENTIFIER = com.ewr.SimpleImageKitTests;
				PRODUCT_NAME = "$(TARGET_NAME)";
				SWIFT_VERSION = 4.0;
				TARGETED_DEVICE_FAMILY = "1,2";
				TEST_HOST = "$(BUILT_PRODUCTS_DIR)/SimpleImageKit.app/SimpleImageKit";
			};
			name = Debug;
		};
		0F1AB71F205FE90900545FA8 /* Release */ = {
			isa = XCBuildConfiguration;
			buildSettings = {
				ALWAYS_EMBED_SWIFT_STANDARD_LIBRARIES = YES;
				BUNDLE_LOADER = "$(TEST_HOST)";
				CODE_SIGN_STYLE = Automatic;
				DEVELOPMENT_TEAM = C43G5V2XJM;
				INFOPLIST_FILE = SimpleImageKitTests/Info.plist;
				LD_RUNPATH_SEARCH_PATHS = "$(inherited) @executable_path/Frameworks @loader_path/Frameworks";
				PRODUCT_BUNDLE_IDENTIFIER = com.ewr.SimpleImageKitTests;
				PRODUCT_NAME = "$(TARGET_NAME)";
				SWIFT_VERSION = 4.0;
				TARGETED_DEVICE_FAMILY = "1,2";
				TEST_HOST = "$(BUILT_PRODUCTS_DIR)/SimpleImageKit.app/SimpleImageKit";
			};
			name = Release;
		};
		0F1AB721205FE90900545FA8 /* Debug */ = {
			isa = XCBuildConfiguration;
			buildSettings = {
				ALWAYS_EMBED_SWIFT_STANDARD_LIBRARIES = YES;
				CODE_SIGN_STYLE = Automatic;
				DEVELOPMENT_TEAM = C43G5V2XJM;
				INFOPLIST_FILE = SimpleImageKitUITests/Info.plist;
				LD_RUNPATH_SEARCH_PATHS = "$(inherited) @executable_path/Frameworks @loader_path/Frameworks";
				PRODUCT_BUNDLE_IDENTIFIER = com.ewr.SimpleImageKitUITests;
				PRODUCT_NAME = "$(TARGET_NAME)";
				SWIFT_VERSION = 4.0;
				TARGETED_DEVICE_FAMILY = "1,2";
				TEST_TARGET_NAME = SimpleImageKit;
			};
			name = Debug;
		};
		0F1AB722205FE90900545FA8 /* Release */ = {
			isa = XCBuildConfiguration;
			buildSettings = {
				ALWAYS_EMBED_SWIFT_STANDARD_LIBRARIES = YES;
				CODE_SIGN_STYLE = Automatic;
				DEVELOPMENT_TEAM = C43G5V2XJM;
				INFOPLIST_FILE = SimpleImageKitUITests/Info.plist;
				LD_RUNPATH_SEARCH_PATHS = "$(inherited) @executable_path/Frameworks @loader_path/Frameworks";
				PRODUCT_BUNDLE_IDENTIFIER = com.ewr.SimpleImageKitUITests;
				PRODUCT_NAME = "$(TARGET_NAME)";
				SWIFT_VERSION = 4.0;
				TARGETED_DEVICE_FAMILY = "1,2";
				TEST_TARGET_NAME = SimpleImageKit;
			};
			name = Release;
		};
/* End XCBuildConfiguration section */

/* Begin XCConfigurationList section */
		0F1AB6ED205FE90900545FA8 /* Build configuration list for PBXProject "SimpleImageKit" */ = {
			isa = XCConfigurationList;
			buildConfigurations = (
				0F1AB718205FE90900545FA8 /* Debug */,
				0F1AB719205FE90900545FA8 /* Release */,
			);
			defaultConfigurationIsVisible = 0;
			defaultConfigurationName = Release;
		};
		0F1AB71A205FE90900545FA8 /* Build configuration list for PBXNativeTarget "SimpleImageKit" */ = {
			isa = XCConfigurationList;
			buildConfigurations = (
				0F1AB71B205FE90900545FA8 /* Debug */,
				0F1AB71C205FE90900545FA8 /* Release */,
			);
			defaultConfigurationIsVisible = 0;
			defaultConfigurationName = Release;
		};
		0F1AB71D205FE90900545FA8 /* Build configuration list for PBXNativeTarget "SimpleImageKitTests" */ = {
			isa = XCConfigurationList;
			buildConfigurations = (
				0F1AB71E205FE90900545FA8 /* Debug */,
				0F1AB71F205FE90900545FA8 /* Release */,
			);
			defaultConfigurationIsVisible = 0;
			defaultConfigurationName = Release;
		};
		0F1AB720205FE90900545FA8 /* Build configuration list for PBXNativeTarget "SimpleImageKitUITests" */ = {
			isa = XCConfigurationList;
			buildConfigurations = (
				0F1AB721205FE90900545FA8 /* Debug */,
				0F1AB722205FE90900545FA8 /* Release */,
			);
			defaultConfigurationIsVisible = 0;
			defaultConfigurationName = Release;
		};
/* End XCConfigurationList section */
	};
	rootObject = 0F1AB6EA205FE90900545FA8 /* Project object */;
}
